github.com/google/uuid v1.6.0 h1:NIvaJDMOsjHA8n1jAhLSgzrAzy1Hgr+hNrb57e+94F0=
github.com/google/uuid v1.6.0/go.mod h1:TIyPZe4MgqvfeYDBFedMoGGpEw/LqOeaOT+nhxU+yHo=
github.com/tencentcloud/tencentcloud-sdk-go/tencentcloud/common v1.0.982 h1:gxat/4F9zSOQRT2Kr9XvoakNyeWWXoLDPpdQruWfA2I=
github.com/tencentcloud/tencentcloud-sdk-go/tencentcloud/common v1.0.982/go.mod h1:r5r4xbfxSaeR04b166HGsBa/R4U3SueirEUpXGuw+Q0=
github.com/tencentcloud/tencentcloud-sdk-go/tencentcloud/iai v1.0.982 h1:vEmaNOkzrZEy4vCS3kRqdoIFE539xLsF4vMwou3ydGk=
github.com/tencentcloud/tencentcloud-sdk-go/tencentcloud/iai v1.0.982/go.mod h1:eJyx3GKRZtG2wKOlscs7BIin1BXQfEc+ymicZ5i3les=
